{
  "name": "yzb-extension-test",
  "version": "1.0.0",
  "lockfileVersion": 2,
  "requires": true,
  "packages": {
    "": {
      "name": "yzb-extension-test",
      "version": "1.0.0",
      "license": "ISC",
      "dependencies": {
        "@yuanzhibang/node": "^0.0.17"
      }
    },
    "node_modules/@yuanzhibang/node": {
      "version": "0.0.17",
      "resolved": "https://registry.npmmirror.com/@yuanzhibang/node/-/node-0.0.17.tgz",
      "integrity": "sha512-AR9HeSo90lWcoTuo/Ul5wMQcvq5R7TrIpNeyHW7H6OCXJ8P+4+MINkBRblC+fEcYBNBLjISEzIBcaFfjSNSqcQ=="
    }
  },
  "dependencies": {
    "@yuanzhibang/node": {
      "version": "0.0.17",
      "resolved": "https://registry.npmmirror.com/@yuanzhibang/node/-/node-0.0.17.tgz",
      "integrity": "sha512-AR9HeSo90lWcoTuo/Ul5wMQcvq5R7TrIpNeyHW7H6OCXJ8P+4+MINkBRblC+fEcYBNBLjISEzIBcaFfjSNSqcQ=="
    }
  }
}
