{
  "name": "yzb-extension-test",
  "version": "1.0.0",
  "lockfileVersion": 2,
  "requires": true,
  "packages": {
    "": {
      "name": "yzb-extension-test",
      "version": "1.0.0",
      "license": "ISC",
      "dependencies": {
        "@yuanzhibang/node": "^0.0.6"
      }
    },
    "node_modules/@yuanzhibang/node": {
      "version": "0.0.6",
      "resolved": "https://registry.npmmirror.com/@yuanzhibang/node/-/node-0.0.6.tgz",
      "integrity": "sha512-nlHhw4RCQTGc2LewPkx0gNsKszep0uteS7QorvZq7qqzaebPu/IRXdLdgLoaiPtipuSLL5d3HNYDJW7l3u6f7Q=="
    }
  },
  "dependencies": {
    "@yuanzhibang/node": {
      "version": "0.0.6",
      "resolved": "https://registry.npmmirror.com/@yuanzhibang/node/-/node-0.0.6.tgz",
      "integrity": "sha512-nlHhw4RCQTGc2LewPkx0gNsKszep0uteS7QorvZq7qqzaebPu/IRXdLdgLoaiPtipuSLL5d3HNYDJW7l3u6f7Q=="
    }
  }
}
